
Microsoft Visual Studio Solution File, Format Version 12.00
# Visual Studio Version 17
VisualStudioVersion = 17.0.31903.59
MinimumVisualStudioVersion = 10.0.40219.1
Project("{2150E333-8FDC-42A3-9474-1A3956D46DE8}") = "src", "src", "{827E0CD3-B72D-47B6-A68D-7590B98EB39B}"
EndProject
Project("{FAE04EC0-301F-11D3-BF4B-00C04F79EFBC}") = "Aqorin.Phone.Core", "src\Aqorin.Phone.Core\Aqorin.Phone.Core.csproj", "{B6508844-C3B8-415D-86FE-0935D9E9E3A7}"
EndProject
Project("{FAE04EC0-301F-11D3-BF4B-00C04F79EFBC}") = "Aqorin.Phone.Sip", "src\Aqorin.Phone.Sip\Aqorin.Phone.Sip.csproj", "{7AA34E96-2893-4A08-9A07-6C85BFC37561}"
EndProject
Project("{FAE04EC0-301F-11D3-BF4B-00C04F79EFBC}") = "Aqorin.Phone.Audio", "src\Aqorin.Phone.Audio\Aqorin.Phone.Audio.csproj", "{8CA68F6A-5FC6-4F5D-B64F-49536C6F3184}"
EndProject
Project("{FAE04EC0-301F-11D3-BF4B-00C04F79EFBC}") = "Aqorin.Phone.App", "src\Aqorin.Phone.App\Aqorin.Phone.App.csproj", "{7B6CA987-75B0-4092-ABDE-34BE6B2856DF}"
EndProject
Project("{2150E333-8FDC-42A3-9474-1A3956D46DE8}") = "tests", "tests", "{0AB3BF05-4346-4AA6-1389-037BE0695223}"
EndProject
Project("{FAE04EC0-301F-11D3-BF4B-00C04F79EFBC}") = "Aqorin.Phone.Core.Tests", "tests\Aqorin.Phone.Core.Tests\Aqorin.Phone.Core.Tests.csproj", "{C2AA6F23-13FA-4E2D-9CBD-6C064874A551}"
EndProject
Project("{FAE04EC0-301F-11D3-BF4B-00C04F79EFBC}") = "Aqorin.Phone.Sip.Tests", "tests\Aqorin.Phone.Sip.Tests\Aqorin.Phone.Sip.Tests.csproj", "{107D8B1D-A441-49C3-B759-06242BC1D68B}"
EndProject
Project("{FAE04EC0-301F-11D3-BF4B-00C04F79EFBC}") = "Aqorin.Phone.IntegrationTests", "tests\Aqorin.Phone.IntegrationTests\Aqorin.Phone.IntegrationTests.csproj", "{5E0203A6-AD72-4466-B006-5DF0818268CA}"
EndProject
Global
	GlobalSection(SolutionConfigurationPlatforms) = preSolution
		Debug|Any CPU = Debug|Any CPU
		Debug|x64 = Debug|x64
		Debug|x86 = Debug|x86
		Release|Any CPU = Release|Any CPU
		Release|x64 = Release|x64
		Release|x86 = Release|x86
	EndGlobalSection
	GlobalSection(ProjectConfigurationPlatforms) = postSolution
		{B6508844-C3B8-415D-86FE-0935D9E9E3A7}.Debug|Any CPU.ActiveCfg = Debug|Any CPU
		{B6508844-C3B8-415D-86FE-0935D9E9E3A7}.Debug|Any CPU.Build.0 = Debug|Any CPU
		{B6508844-C3B8-415D-86FE-0935D9E9E3A7}.Debug|x64.ActiveCfg = Debug|Any CPU
		{B6508844-C3B8-415D-86FE-0935D9E9E3A7}.Debug|x64.Build.0 = Debug|Any CPU
		{B6508844-C3B8-415D-86FE-0935D9E9E3A7}.Debug|x86.ActiveCfg = Debug|Any CPU
		{B6508844-C3B8-415D-86FE-0935D9E9E3A7}.Debug|x86.Build.0 = Debug|Any CPU
		{B6508844-C3B8-415D-86FE-0935D9E9E3A7}.Release|Any CPU.ActiveCfg = Release|Any CPU
		{B6508844-C3B8-415D-86FE-0935D9E9E3A7}.Release|Any CPU.Build.0 = Release|Any CPU
		{B6508844-C3B8-415D-86FE-0935D9E9E3A7}.Release|x64.ActiveCfg = Release|Any CPU
		{B6508844-C3B8-415D-86FE-0935D9E9E3A7}.Release|x64.Build.0 = Release|Any CPU
		{B6508844-C3B8-415D-86FE-0935D9E9E3A7}.Release|x86.ActiveCfg = Release|Any CPU
		{B6508844-C3B8-415D-86FE-0935D9E9E3A7}.Release|x86.Build.0 = Release|Any CPU
		{7AA34E96-2893-4A08-9A07-6C85BFC37561}.Debug|Any CPU.ActiveCfg = Debug|Any CPU
		{7AA34E96-2893-4A08-9A07-6C85BFC37561}.Debug|Any CPU.Build.0 = Debug|Any CPU
		{7AA34E96-2893-4A08-9A07-6C85BFC37561}.Debug|x64.ActiveCfg = Debug|Any CPU
		{7AA34E96-2893-4A08-9A07-6C85BFC37561}.Debug|x64.Build.0 = Debug|Any CPU
		{7AA34E96-2893-4A08-9A07-6C85BFC37561}.Debug|x86.ActiveCfg = Debug|Any CPU
		{7AA34E96-2893-4A08-9A07-6C85BFC37561}.Debug|x86.Build.0 = Debug|Any CPU
		{7AA34E96-2893-4A08-9A07-6C85BFC37561}.Release|Any CPU.ActiveCfg = Release|Any CPU
		{7AA34E96-2893-4A08-9A07-6C85BFC37561}.Release|Any CPU.Build.0 = Release|Any CPU
		{7AA34E96-2893-4A08-9A07-6C85BFC37561}.Release|x64.ActiveCfg = Release|Any CPU
		{7AA34E96-2893-4A08-9A07-6C85BFC37561}.Release|x64.Build.0 = Release|Any CPU
		{7AA34E96-2893-4A08-9A07-6C85BFC37561}.Release|x86.ActiveCfg = Release|Any CPU
		{7AA34E96-2893-4A08-9A07-6C85BFC37561}.Release|x86.Build.0 = Release|Any CPU
		{8CA68F6A-5FC6-4F5D-B64F-49536C6F3184}.Debug|Any CPU.ActiveCfg = Debug|Any CPU
		{8CA68F6A-5FC6-4F5D-B64F-49536C6F3184}.Debug|Any CPU.Build.0 = Debug|Any CPU
		{8CA68F6A-5FC6-4F5D-B64F-49536C6F3184}.Debug|x64.ActiveCfg = Debug|Any CPU
		{8CA68F6A-5FC6-4F5D-B64F-49536C6F3184}.Debug|x64.Build.0 = Debug|Any CPU
		{8CA68F6A-5FC6-4F5D-B64F-49536C6F3184}.Debug|x86.ActiveCfg = Debug|Any CPU
		{8CA68F6A-5FC6-4F5D-B64F-49536C6F3184}.Debug|x86.Build.0 = Debug|Any CPU
		{8CA68F6A-5FC6-4F5D-B64F-49536C6F3184}.Release|Any CPU.ActiveCfg = Release|Any CPU
		{8CA68F6A-5FC6-4F5D-B64F-49536C6F3184}.Release|Any CPU.Build.0 = Release|Any CPU
		{8CA68F6A-5FC6-4F5D-B64F-49536C6F3184}.Release|x64.ActiveCfg = Release|Any CPU
		{8CA68F6A-5FC6-4F5D-B64F-49536C6F3184}.Release|x64.Build.0 = Release|Any CPU
		{8CA68F6A-5FC6-4F5D-B64F-49536C6F3184}.Release|x86.ActiveCfg = Release|Any CPU
		{8CA68F6A-5FC6-4F5D-B64F-49536C6F3184}.Release|x86.Build.0 = Release|Any CPU
		{7B6CA987-75B0-4092-ABDE-34BE6B2856DF}.Debug|Any CPU.ActiveCfg = Debug|Any CPU
		{7B6CA987-75B0-4092-ABDE-34BE6B2856DF}.Debug|Any CPU.Build.0 = Debug|Any CPU
		{7B6CA987-75B0-4092-ABDE-34BE6B2856DF}.Debug|x64.ActiveCfg = Debug|Any CPU
		{7B6CA987-75B0-4092-ABDE-34BE6B2856DF}.Debug|x64.Build.0 = Debug|Any CPU
		{7B6CA987-75B0-4092-ABDE-34BE6B2856DF}.Debug|x86.ActiveCfg = Debug|Any CPU
		{7B6CA987-75B0-4092-ABDE-34BE6B2856DF}.Debug|x86.Build.0 = Debug|Any CPU
		{7B6CA987-75B0-4092-ABDE-34BE6B2856DF}.Release|Any CPU.ActiveCfg = Release|Any CPU
		{7B6CA987-75B0-4092-ABDE-34BE6B2856DF}.Release|Any CPU.Build.0 = Release|Any CPU
		{7B6CA987-75B0-4092-ABDE-34BE6B2856DF}.Release|x64.ActiveCfg = Release|Any CPU
		{7B6CA987-75B0-4092-ABDE-34BE6B2856DF}.Release|x64.Build.0 = Release|Any CPU
		{7B6CA987-75B0-4092-ABDE-34BE6B2856DF}.Release|x86.ActiveCfg = Release|Any CPU
		{7B6CA987-75B0-4092-ABDE-34BE6B2856DF}.Release|x86.Build.0 = Release|Any CPU
		{C2AA6F23-13FA-4E2D-9CBD-6C064874A551}.Debug|Any CPU.ActiveCfg = Debug|Any CPU
		{C2AA6F23-13FA-4E2D-9CBD-6C064874A551}.Debug|Any CPU.Build.0 = Debug|Any CPU
		{C2AA6F23-13FA-4E2D-9CBD-6C064874A551}.Debug|x64.ActiveCfg = Debug|Any CPU
		{C2AA6F23-13FA-4E2D-9CBD-6C064874A551}.Debug|x64.Build.0 = Debug|Any CPU
		{C2AA6F23-13FA-4E2D-9CBD-6C064874A551}.Debug|x86.ActiveCfg = Debug|Any CPU
		{C2AA6F23-13FA-4E2D-9CBD-6C064874A551}.Debug|x86.Build.0 = Debug|Any CPU
		{C2AA6F23-13FA-4E2D-9CBD-6C064874A551}.Release|Any CPU.ActiveCfg = Release|Any CPU
		{C2AA6F23-13FA-4E2D-9CBD-6C064874A551}.Release|Any CPU.Build.0 = Release|Any CPU
		{C2AA6F23-13FA-4E2D-9CBD-6C064874A551}.Release|x64.ActiveCfg = Release|Any CPU
		{C2AA6F23-13FA-4E2D-9CBD-6C064874A551}.Release|x64.Build.0 = Release|Any CPU
		{C2AA6F23-13FA-4E2D-9CBD-6C064874A551}.Release|x86.ActiveCfg = Release|Any CPU
		{C2AA6F23-13FA-4E2D-9CBD-6C064874A551}.Release|x86.Build.0 = Release|Any CPU
		{107D8B1D-A441-49C3-B759-06242BC1D68B}.Debug|Any CPU.ActiveCfg = Debug|Any CPU
		{107D8B1D-A441-49C3-B759-06242BC1D68B}.Debug|Any CPU.Build.0 = Debug|Any CPU
		{107D8B1D-A441-49C3-B759-06242BC1D68B}.Debug|x64.ActiveCfg = Debug|Any CPU
		{107D8B1D-A441-49C3-B759-06242BC1D68B}.Debug|x64.Build.0 = Debug|Any CPU
		{107D8B1D-A441-49C3-B759-06242BC1D68B}.Debug|x86.ActiveCfg = Debug|Any CPU
		{107D8B1D-A441-49C3-B759-06242BC1D68B}.Debug|x86.Build.0 = Debug|Any CPU
		{107D8B1D-A441-49C3-B759-06242BC1D68B}.Release|Any CPU.ActiveCfg = Release|Any CPU
		{107D8B1D-A441-49C3-B759-06242BC1D68B}.Release|Any CPU.Build.0 = Release|Any CPU
		{107D8B1D-A441-49C3-B759-06242BC1D68B}.Release|x64.ActiveCfg = Release|Any CPU
		{107D8B1D-A441-49C3-B759-06242BC1D68B}.Release|x64.Build.0 = Release|Any CPU
		{107D8B1D-A441-49C3-B759-06242BC1D68B}.Release|x86.ActiveCfg = Release|Any CPU
		{107D8B1D-A441-49C3-B759-06242BC1D68B}.Release|x86.Build.0 = Release|Any CPU
		{5E0203A6-AD72-4466-B006-5DF0818268CA}.Debug|Any CPU.ActiveCfg = Debug|Any CPU
		{5E0203A6-AD72-4466-B006-5DF0818268CA}.Debug|Any CPU.Build.0 = Debug|Any CPU
		{5E0203A6-AD72-4466-B006-5DF0818268CA}.Debug|x64.ActiveCfg = Debug|Any CPU
		{5E0203A6-AD72-4466-B006-5DF0818268CA}.Debug|x64.Build.0 = Debug|Any CPU
		{5E0203A6-AD72-4466-B006-5DF0818268CA}.Debug|x86.ActiveCfg = Debug|Any CPU
		{5E0203A6-AD72-4466-B006-5DF0818268CA}.Debug|x86.Build.0 = Debug|Any CPU
		{5E0203A6-AD72-4466-B006-5DF0818268CA}.Release|Any CPU.ActiveCfg = Release|Any CPU
		{5E0203A6-AD72-4466-B006-5DF0818268CA}.Release|Any CPU.Build.0 = Release|Any CPU
		{5E0203A6-AD72-4466-B006-5DF0818268CA}.Release|x64.ActiveCfg = Release|Any CPU
		{5E0203A6-AD72-4466-B006-5DF0818268CA}.Release|x64.Build.0 = Release|Any CPU
		{5E0203A6-AD72-4466-B006-5DF0818268CA}.Release|x86.ActiveCfg = Release|Any CPU
		{5E0203A6-AD72-4466-B006-5DF0818268CA}.Release|x86.Build.0 = Release|Any CPU
	EndGlobalSection
	GlobalSection(SolutionProperties) = preSolution
		HideSolutionNode = FALSE
	EndGlobalSection
	GlobalSection(NestedProjects) = preSolution
		{B6508844-C3B8-415D-86FE-0935D9E9E3A7} = {827E0CD3-B72D-47B6-A68D-7590B98EB39B}
		{7AA34E96-2893-4A08-9A07-6C85BFC37561} = {827E0CD3-B72D-47B6-A68D-7590B98EB39B}
		{8CA68F6A-5FC6-4F5D-B64F-49536C6F3184} = {827E0CD3-B72D-47B6-A68D-7590B98EB39B}
		{7B6CA987-75B0-4092-ABDE-34BE6B2856DF} = {827E0CD3-B72D-47B6-A68D-7590B98EB39B}
		{C2AA6F23-13FA-4E2D-9CBD-6C064874A551} = {0AB3BF05-4346-4AA6-1389-037BE0695223}
		{107D8B1D-A441-49C3-B759-06242BC1D68B} = {0AB3BF05-4346-4AA6-1389-037BE0695223}
		{5E0203A6-AD72-4466-B006-5DF0818268CA} = {0AB3BF05-4346-4AA6-1389-037BE0695223}
	EndGlobalSection
EndGlobal
